
Microsoft Visual Studio Solution File, Format Version 12.00
# Visual Studio 15
VisualStudioVersion = 15.0.28307.1082
MinimumVisualStudioVersion = 10.0.40219.1
Project("{8BC9CEB8-8B4A-11D0-8D11-00A0C91BC942}") = "Functions", "Functions\Functions.vcxproj", "{E51A8B11-D54C-4CDC-9AF9-ACCBAF071650}"
EndProject
Project("{8BC9CEB8-8B4A-11D0-8D11-00A0C91BC942}") = "Arrays", "Arrays\Arrays.vcxproj", "{C73A0899-5C1B-4A3A-8D4C-B8A684D8A7CF}"
EndProject
Global
	GlobalSection(SolutionConfigurationPlatforms) = preSolution
		Debug|x64 = Debug|x64
		Debug|x86 = Debug|x86
		Release|x64 = Release|x64
		Release|x86 = Release|x86
	EndGlobalSection
	GlobalSection(ProjectConfigurationPlatforms) = postSolution
		{E51A8B11-D54C-4CDC-9AF9-ACCBAF071650}.Debug|x64.ActiveCfg = Debug|x64
		{E51A8B11-D54C-4CDC-9AF9-ACCBAF071650}.Debug|x64.Build.0 = Debug|x64
		{E51A8B11-D54C-4CDC-9AF9-ACCBAF071650}.Debug|x86.ActiveCfg = Debug|Win32
		{E51A8B11-D54C-4CDC-9AF9-ACCBAF071650}.Debug|x86.Build.0 = Debug|Win32
		{E51A8B11-D54C-4CDC-9AF9-ACCBAF071650}.Release|x64.ActiveCfg = Release|x64
		{E51A8B11-D54C-4CDC-9AF9-ACCBAF071650}.Release|x64.Build.0 = Release|x64
		{E51A8B11-D54C-4CDC-9AF9-ACCBAF071650}.Release|x86.ActiveCfg = Release|Win32
		{E51A8B11-D54C-4CDC-9AF9-ACCBAF071650}.Release|x86.Build.0 = Release|Win32
		{C73A0899-5C1B-4A3A-8D4C-B8A684D8A7CF}.Debug|x64.ActiveCfg = Debug|x64
		{C73A0899-5C1B-4A3A-8D4C-B8A684D8A7CF}.Debug|x64.Build.0 = Debug|x64
		{C73A0899-5C1B-4A3A-8D4C-B8A684D8A7CF}.Debug|x86.ActiveCfg = Debug|Win32
		{C73A0899-5C1B-4A3A-8D4C-B8A684D8A7CF}.Debug|x86.Build.0 = Debug|Win32
		{C73A0899-5C1B-4A3A-8D4C-B8A684D8A7CF}.Release|x64.ActiveCfg = Release|x64
		{C73A0899-5C1B-4A3A-8D4C-B8A684D8A7CF}.Release|x64.Build.0 = Release|x64
		{C73A0899-5C1B-4A3A-8D4C-B8A684D8A7CF}.Release|x86.ActiveCfg = Release|Win32
		{C73A0899-5C1B-4A3A-8D4C-B8A684D8A7CF}.Release|x86.Build.0 = Release|Win32
	EndGlobalSection
	GlobalSection(SolutionProperties) = preSolution
		HideSolutionNode = FALSE
	EndGlobalSection
	GlobalSection(ExtensibilityGlobals) = postSolution
		SolutionGuid = {DC2011AF-56C0-4309-B644-1D03A506199C}
	EndGlobalSection
EndGlobal
