
Microsoft Visual Studio Solution File, Format Version 12.00
# Visual Studio 15
VisualStudioVersion = 15.0.28307.1082
MinimumVisualStudioVersion = 10.0.40219.1
Project("{8BC9CEB8-8B4A-11D0-8D11-00A0C91BC942}") = "ControlStructures", "ControlStructures\ControlStructures.vcxproj", "{5825D1BD-8BD0-43B5-A9D0-4A7FE7104AE3}"
EndProject
Project("{8BC9CEB8-8B4A-11D0-8D11-00A0C91BC942}") = "Loops", "Loops\Loops.vcxproj", "{D71CD46B-8793-4FDA-A4BE-BDE8BB4947F9}"
EndProject
Project("{8BC9CEB8-8B4A-11D0-8D11-00A0C91BC942}") = "HomeWork", "HomeWork\HomeWork.vcxproj", "{FA6D49E3-6522-4627-9FE0-7B13F1E9DB06}"
EndProject
Project("{8BC9CEB8-8B4A-11D0-8D11-00A0C91BC942}") = "Calc", "Calc\Calc.vcxproj", "{89854EB4-3713-4B6C-A14F-4986108315B1}"
EndProject
Project("{8BC9CEB8-8B4A-11D0-8D11-00A0C91BC942}") = "Shooter", "Shooter\Shooter.vcxproj", "{7AC100D6-F07B-48A2-8E40-7365FE9B5560}"
EndProject
Project("{8BC9CEB8-8B4A-11D0-8D11-00A0C91BC942}") = "FOR", "FOR\FOR.vcxproj", "{FCD25BC3-0CE5-4C11-B4C4-3AE37DD121ED}"
EndProject
Global
	GlobalSection(SolutionConfigurationPlatforms) = preSolution
		Debug|x64 = Debug|x64
		Debug|x86 = Debug|x86
		Release|x64 = Release|x64
		Release|x86 = Release|x86
	EndGlobalSection
	GlobalSection(ProjectConfigurationPlatforms) = postSolution
		{5825D1BD-8BD0-43B5-A9D0-4A7FE7104AE3}.Debug|x64.ActiveCfg = Debug|x64
		{5825D1BD-8BD0-43B5-A9D0-4A7FE7104AE3}.Debug|x64.Build.0 = Debug|x64
		{5825D1BD-8BD0-43B5-A9D0-4A7FE7104AE3}.Debug|x86.ActiveCfg = Debug|Win32
		{5825D1BD-8BD0-43B5-A9D0-4A7FE7104AE3}.Debug|x86.Build.0 = Debug|Win32
		{5825D1BD-8BD0-43B5-A9D0-4A7FE7104AE3}.Release|x64.ActiveCfg = Release|x64
		{5825D1BD-8BD0-43B5-A9D0-4A7FE7104AE3}.Release|x64.Build.0 = Release|x64
		{5825D1BD-8BD0-43B5-A9D0-4A7FE7104AE3}.Release|x86.ActiveCfg = Release|Win32
		{5825D1BD-8BD0-43B5-A9D0-4A7FE7104AE3}.Release|x86.Build.0 = Release|Win32
		{D71CD46B-8793-4FDA-A4BE-BDE8BB4947F9}.Debug|x64.ActiveCfg = Debug|x64
		{D71CD46B-8793-4FDA-A4BE-BDE8BB4947F9}.Debug|x64.Build.0 = Debug|x64
		{D71CD46B-8793-4FDA-A4BE-BDE8BB4947F9}.Debug|x86.ActiveCfg = Debug|Win32
		{D71CD46B-8793-4FDA-A4BE-BDE8BB4947F9}.Debug|x86.Build.0 = Debug|Win32
		{D71CD46B-8793-4FDA-A4BE-BDE8BB4947F9}.Release|x64.ActiveCfg = Release|x64
		{D71CD46B-8793-4FDA-A4BE-BDE8BB4947F9}.Release|x64.Build.0 = Release|x64
		{D71CD46B-8793-4FDA-A4BE-BDE8BB4947F9}.Release|x86.ActiveCfg = Release|Win32
		{D71CD46B-8793-4FDA-A4BE-BDE8BB4947F9}.Release|x86.Build.0 = Release|Win32
		{FA6D49E3-6522-4627-9FE0-7B13F1E9DB06}.Debug|x64.ActiveCfg = Debug|x64
		{FA6D49E3-6522-4627-9FE0-7B13F1E9DB06}.Debug|x64.Build.0 = Debug|x64
		{FA6D49E3-6522-4627-9FE0-7B13F1E9DB06}.Debug|x86.ActiveCfg = Debug|Win32
		{FA6D49E3-6522-4627-9FE0-7B13F1E9DB06}.Debug|x86.Build.0 = Debug|Win32
		{FA6D49E3-6522-4627-9FE0-7B13F1E9DB06}.Release|x64.ActiveCfg = Release|x64
		{FA6D49E3-6522-4627-9FE0-7B13F1E9DB06}.Release|x64.Build.0 = Release|x64
		{FA6D49E3-6522-4627-9FE0-7B13F1E9DB06}.Release|x86.ActiveCfg = Release|Win32
		{FA6D49E3-6522-4627-9FE0-7B13F1E9DB06}.Release|x86.Build.0 = Release|Win32
		{89854EB4-3713-4B6C-A14F-4986108315B1}.Debug|x64.ActiveCfg = Debug|x64
		{89854EB4-3713-4B6C-A14F-4986108315B1}.Debug|x64.Build.0 = Debug|x64
		{89854EB4-3713-4B6C-A14F-4986108315B1}.Debug|x86.ActiveCfg = Debug|Win32
		{89854EB4-3713-4B6C-A14F-4986108315B1}.Debug|x86.Build.0 = Debug|Win32
		{89854EB4-3713-4B6C-A14F-4986108315B1}.Release|x64.ActiveCfg = Release|x64
		{89854EB4-3713-4B6C-A14F-4986108315B1}.Release|x64.Build.0 = Release|x64
		{89854EB4-3713-4B6C-A14F-4986108315B1}.Release|x86.ActiveCfg = Release|Win32
		{89854EB4-3713-4B6C-A14F-4986108315B1}.Release|x86.Build.0 = Release|Win32
		{7AC100D6-F07B-48A2-8E40-7365FE9B5560}.Debug|x64.ActiveCfg = Debug|x64
		{7AC100D6-F07B-48A2-8E40-7365FE9B5560}.Debug|x64.Build.0 = Debug|x64
		{7AC100D6-F07B-48A2-8E40-7365FE9B5560}.Debug|x86.ActiveCfg = Debug|Win32
		{7AC100D6-F07B-48A2-8E40-7365FE9B5560}.Debug|x86.Build.0 = Debug|Win32
		{7AC100D6-F07B-48A2-8E40-7365FE9B5560}.Release|x64.ActiveCfg = Release|x64
		{7AC100D6-F07B-48A2-8E40-7365FE9B5560}.Release|x64.Build.0 = Release|x64
		{7AC100D6-F07B-48A2-8E40-7365FE9B5560}.Release|x86.ActiveCfg = Release|Win32
		{7AC100D6-F07B-48A2-8E40-7365FE9B5560}.Release|x86.Build.0 = Release|Win32
		{FCD25BC3-0CE5-4C11-B4C4-3AE37DD121ED}.Debug|x64.ActiveCfg = Debug|x64
		{FCD25BC3-0CE5-4C11-B4C4-3AE37DD121ED}.Debug|x64.Build.0 = Debug|x64
		{FCD25BC3-0CE5-4C11-B4C4-3AE37DD121ED}.Debug|x86.ActiveCfg = Debug|Win32
		{FCD25BC3-0CE5-4C11-B4C4-3AE37DD121ED}.Debug|x86.Build.0 = Debug|Win32
		{FCD25BC3-0CE5-4C11-B4C4-3AE37DD121ED}.Release|x64.ActiveCfg = Release|x64
		{FCD25BC3-0CE5-4C11-B4C4-3AE37DD121ED}.Release|x64.Build.0 = Release|x64
		{FCD25BC3-0CE5-4C11-B4C4-3AE37DD121ED}.Release|x86.ActiveCfg = Release|Win32
		{FCD25BC3-0CE5-4C11-B4C4-3AE37DD121ED}.Release|x86.Build.0 = Release|Win32
	EndGlobalSection
	GlobalSection(SolutionProperties) = preSolution
		HideSolutionNode = FALSE
	EndGlobalSection
	GlobalSection(ExtensibilityGlobals) = postSolution
		SolutionGuid = {5108FA1A-22A8-45C3-A243-BB991BE76671}
	EndGlobalSection
EndGlobal
